Microsoft Visual Studio Solution File, Format Version 12.00
# Visual Studio Version 16
VisualStudioVersion = 16.0.29324.140
MinimumVisualStudioVersion = 10.0.40219.1
Project("{FAE04EC0-301F-11D3-BF4B-00C04F79EFBC}") = "RogueSurvivor", "RogueSurvivor.csproj", "{AC4142F0-FD33-4735-B69D-6C90E11F4EE2}"
EndProject
Project("{9A19103F-16F7-4668-BE54-9A1E7A4F7556}") = "RogueSurvivor.CORE", "port.CORE\RogueSurvivor.CORE.csproj", "{25A0270C-744F-4C18-B5AD-D0FFA923568D}"
EndProject
Global
	GlobalSection(SolutionConfigurationPlatforms) = preSolution
		Debug|Any CPU = Debug|Any CPU
		Debug|x64 = Debug|x64
		Debug|x86 = Debug|x86
		Release|Any CPU = Release|Any CPU
		Release|x64 = Release|x64
		Release|x86 = Release|x86
	EndGlobalSection
	GlobalSection(ProjectConfigurationPlatforms) = postSolution
		{AC4142F0-FD33-4735-B69D-6C90E11F4EE2}.Debug|Any CPU.ActiveCfg = Debug|Any CPU
		{AC4142F0-FD33-4735-B69D-6C90E11F4EE2}.Debug|Any CPU.Build.0 = Debug|Any CPU
		{AC4142F0-FD33-4735-B69D-6C90E11F4EE2}.Debug|x64.ActiveCfg = Debug|x64
		{AC4142F0-FD33-4735-B69D-6C90E11F4EE2}.Debug|x64.Build.0 = Debug|x64
		{AC4142F0-FD33-4735-B69D-6C90E11F4EE2}.Debug|x86.ActiveCfg = Debug|x86
		{AC4142F0-FD33-4735-B69D-6C90E11F4EE2}.Debug|x86.Build.0 = Debug|x86
		{AC4142F0-FD33-4735-B69D-6C90E11F4EE2}.Release|Any CPU.ActiveCfg = Release|Any CPU
		{AC4142F0-FD33-4735-B69D-6C90E11F4EE2}.Release|Any CPU.Build.0 = Release|Any CPU
		{AC4142F0-FD33-4735-B69D-6C90E11F4EE2}.Release|x64.ActiveCfg = Release|x64
		{AC4142F0-FD33-4735-B69D-6C90E11F4EE2}.Release|x64.Build.0 = Release|x64
		{AC4142F0-FD33-4735-B69D-6C90E11F4EE2}.Release|x86.ActiveCfg = Release|x86
		{AC4142F0-FD33-4735-B69D-6C90E11F4EE2}.Release|x86.Build.0 = Release|x86
		{25A0270C-744F-4C18-B5AD-D0FFA923568D}.Debug|Any CPU.ActiveCfg = Debug|Any CPU
		{25A0270C-744F-4C18-B5AD-D0FFA923568D}.Debug|Any CPU.Build.0 = Debug|Any CPU
		{25A0270C-744F-4C18-B5AD-D0FFA923568D}.Debug|x64.ActiveCfg = Debug|Any CPU
		{25A0270C-744F-4C18-B5AD-D0FFA923568D}.Debug|x64.Build.0 = Debug|Any CPU
		{25A0270C-744F-4C18-B5AD-D0FFA923568D}.Debug|x86.ActiveCfg = Debug|Any CPU
		{25A0270C-744F-4C18-B5AD-D0FFA923568D}.Debug|x86.Build.0 = Debug|Any CPU
		{25A0270C-744F-4C18-B5AD-D0FFA923568D}.Release|Any CPU.ActiveCfg = Release|Any CPU
		{25A0270C-744F-4C18-B5AD-D0FFA923568D}.Release|Any CPU.Build.0 = Release|Any CPU
		{25A0270C-744F-4C18-B5AD-D0FFA923568D}.Release|x64.ActiveCfg = Release|Any CPU
		{25A0270C-744F-4C18-B5AD-D0FFA923568D}.Release|x64.Build.0 = Release|Any CPU
		{25A0270C-744F-4C18-B5AD-D0FFA923568D}.Release|x86.ActiveCfg = Release|Any CPU
		{25A0270C-744F-4C18-B5AD-D0FFA923568D}.Release|x86.Build.0 = Release|Any CPU
	EndGlobalSection
	GlobalSection(SolutionProperties) = preSolution
		HideSolutionNode = FALSE
	EndGlobalSection
	GlobalSection(ExtensibilityGlobals) = postSolution
		SolutionGuid = {15A5C0CA-50BC-4BFB-BCCC-FB817537DF3B}
	EndGlobalSection
	GlobalSection(Performance) = preSolution
		HasPerformanceSessions = true
	EndGlobalSection
EndGlobal
