Microsoft Visual Studio Solution File, Format Version 12.00
# Visual Studio 14
VisualStudioVersion = 14.0.25123.0
MinimumVisualStudioVersion = 10.0.40219.1
Project("{FAE04EC0-301F-11D3-BF4B-00C04F79EFBC}") = "RSConfig", "RSConfig.csproj", "{3E82611C-CF7C-4AD0-913C-4E729279B641}"
EndProject
Project("{2150E333-8FDC-42A3-9474-1A3956D46DE8}") = "Solution Items", "Solution Items", "{DC067C22-0415-444C-B591-6BD4ADCC992D}"
EndProject
Global
	GlobalSection(SolutionConfigurationPlatforms) = preSolution
		Debug|Any CPU = Debug|Any CPU
		Release|Any CPU = Release|Any CPU
	EndGlobalSection
	GlobalSection(ProjectConfigurationPlatforms) = postSolution
		{3E82611C-CF7C-4AD0-913C-4E729279B641}.Debug|Any CPU.ActiveCfg = Debug|Any CPU
		{3E82611C-CF7C-4AD0-913C-4E729279B641}.Debug|Any CPU.Build.0 = Debug|Any CPU
		{3E82611C-CF7C-4AD0-913C-4E729279B641}.Release|Any CPU.ActiveCfg = Release|Any CPU
		{3E82611C-CF7C-4AD0-913C-4E729279B641}.Release|Any CPU.Build.0 = Release|Any CPU
	EndGlobalSection
	GlobalSection(SolutionProperties) = preSolution
		HideSolutionNode = FALSE
	EndGlobalSection
EndGlobal
